
Microsoft Visual Studio Solution File, Format Version 12.00
# Visual Studio Version 17
VisualStudioVersion = 17.5.002.0
MinimumVisualStudioVersion = 10.0.40219.1
Project("{9A19103F-16F7-4668-BE54-9A1E7A4F7556}") = "Movies.Api", "Movies.Api\Movies.Api.csproj", "{D0791D00-DC9E-4E46-B6FF-DBF746C94EE7}"
EndProject
Project("{9A19103F-16F7-4668-BE54-9A1E7A4F7556}") = "Movies.Application", "Movies.Application\Movies.Application.csproj", "{9E59A72B-3850-4C94-AD2F-1FADAAF922B5}"
EndProject
Project("{9A19103F-16F7-4668-BE54-9A1E7A4F7556}") = "Movies.Contracts", "Movies.Contracts\Movies.Contracts.csproj", "{C06DE12A-AB93-4E08-8D98-FA0D33FA0F50}"
EndProject
Global
	GlobalSection(SolutionConfigurationPlatforms) = preSolution
		Debug|Any CPU = Debug|Any CPU
		Release|Any CPU = Release|Any CPU
	EndGlobalSection
	GlobalSection(ProjectConfigurationPlatforms) = postSolution
		{D0791D00-DC9E-4E46-B6FF-DBF746C94EE7}.Debug|Any CPU.ActiveCfg = Debug|Any CPU
		{D0791D00-DC9E-4E46-B6FF-DBF746C94EE7}.Debug|Any CPU.Build.0 = Debug|Any CPU
		{D0791D00-DC9E-4E46-B6FF-DBF746C94EE7}.Release|Any CPU.ActiveCfg = Release|Any CPU
		{D0791D00-DC9E-4E46-B6FF-DBF746C94EE7}.Release|Any CPU.Build.0 = Release|Any CPU
		{9E59A72B-3850-4C94-AD2F-1FADAAF922B5}.Debug|Any CPU.ActiveCfg = Debug|Any CPU
		{9E59A72B-3850-4C94-AD2F-1FADAAF922B5}.Debug|Any CPU.Build.0 = Debug|Any CPU
		{9E59A72B-3850-4C94-AD2F-1FADAAF922B5}.Release|Any CPU.ActiveCfg = Release|Any CPU
		{9E59A72B-3850-4C94-AD2F-1FADAAF922B5}.Release|Any CPU.Build.0 = Release|Any CPU
		{C06DE12A-AB93-4E08-8D98-FA0D33FA0F50}.Debug|Any CPU.ActiveCfg = Debug|Any CPU
		{C06DE12A-AB93-4E08-8D98-FA0D33FA0F50}.Debug|Any CPU.Build.0 = Debug|Any CPU
		{C06DE12A-AB93-4E08-8D98-FA0D33FA0F50}.Release|Any CPU.ActiveCfg = Release|Any CPU
		{C06DE12A-AB93-4E08-8D98-FA0D33FA0F50}.Release|Any CPU.Build.0 = Release|Any CPU
	EndGlobalSection
	GlobalSection(SolutionProperties) = preSolution
		HideSolutionNode = FALSE
	EndGlobalSection
	GlobalSection(ExtensibilityGlobals) = postSolution
		SolutionGuid = {3147E8F8-2AF2-485E-8EDC-5E76FFBDBCF9}
	EndGlobalSection
EndGlobal
